{
  "name": "datavisualisatie",
  "lockfileVersion": 3,
  "requires": true,
  "packages": {
    "": {
      "dependencies": {
        "cumulative-distribution-function": "^2.1.1",
        "nouislider": "^15.7.2"
      }
    },
    "node_modules/cumulative-distribution-function": {
      "version": "2.1.1",
      "resolved": "https://registry.npmjs.org/cumulative-distribution-function/-/cumulative-distribution-function-2.1.1.tgz",
      "integrity": "sha512-OjA6/Na402QGLvQcgPElcJOLp+WMd9TyfMN/FwKXqIJl8K95yyGSTT7Cdsa+8XyRAfZMtbnkp7/93QZLq1k/DA=="
    },
    "node_modules/nouislider": {
      "version": "15.7.2",
      "resolved": "https://registry.npmjs.org/nouislider/-/nouislider-15.7.2.tgz",
      "integrity": "sha512-Jn1xuJZk0cs7XdzFD2tKucedlvi5/eEAsyewPS70Qqba3a1vcyEey2VZFmp7JiS06QfgkD0kEFk8oMnJrLDWXQ=="
    }
  }
}
